
Microsoft Visual Studio Solution File, Format Version 12.00
# Visual Studio Version 17
VisualStudioVersion = 17.10.35013.160
MinimumVisualStudioVersion = 10.0.40219.1
Project("{FAE04EC0-301F-11D3-BF4B-00C04F79EFBC}") = "C#Advanced.Assignment003", "C#Advanced.Assignment003\C#Advanced.Assignment003.csproj", "{A37F78E7-F90A-43B6-98CE-CEEA3191D7F7}"
EndProject
Global
	GlobalSection(SolutionConfigurationPlatforms) = preSolution
		Debug|Any CPU = Debug|Any CPU
		Release|Any CPU = Release|Any CPU
	EndGlobalSection
	GlobalSection(ProjectConfigurationPlatforms) = postSolution
		{A37F78E7-F90A-43B6-98CE-CEEA3191D7F7}.Debug|Any CPU.ActiveCfg = Debug|Any CPU
		{A37F78E7-F90A-43B6-98CE-CEEA3191D7F7}.Debug|Any CPU.Build.0 = Debug|Any CPU
		{A37F78E7-F90A-43B6-98CE-CEEA3191D7F7}.Release|Any CPU.ActiveCfg = Release|Any CPU
		{A37F78E7-F90A-43B6-98CE-CEEA3191D7F7}.Release|Any CPU.Build.0 = Release|Any CPU
	EndGlobalSection
	GlobalSection(SolutionProperties) = preSolution
		HideSolutionNode = FALSE
	EndGlobalSection
	GlobalSection(ExtensibilityGlobals) = postSolution
		SolutionGuid = {C4718468-888D-4F60-8973-DA1CE206D0D6}
	EndGlobalSection
EndGlobal
